{
  "name": "parser",
  "version": "1.0.0",
  "lockfileVersion": 3,
  "requires": true,
  "packages": {
    "": {
      "name": "parser",
      "version": "1.0.0",
      "license": "ISC",
      "dependencies": {
        "windows-1250": "^3.0.4"
      }
    },
    "node_modules/windows-1250": {
      "version": "3.0.4",
      "resolved": "https://registry.npmjs.org/windows-1250/-/windows-1250-3.0.4.tgz",
      "integrity": "sha512-DoHOT9o9N/TwKoLkLWe/pedZvZqhif3GY5YagTK/c8ONbu6K8tzt7lnH6do7oACmwU+q+6f2IwUjGyBzRZJXbA=="
    }
  }
}
